
Microsoft Visual Studio Solution File, Format Version 12.00
# Visual Studio Version 16
VisualStudioVersion = 16.0.30320.27
MinimumVisualStudioVersion = 10.0.40219.1
Project("{FAE04EC0-301F-11D3-BF4B-00C04F79EFBC}") = "Taschenrechner Praktikum Tag 2", "src\Taschenrechner Praktikum Tag 2.csproj", "{8AACE810-C20B-4F65-9A5E-9A2162C661CB}"
EndProject
Global
	GlobalSection(SolutionConfigurationPlatforms) = preSolution
		Debug|Any CPU = Debug|Any CPU
		Release|Any CPU = Release|Any CPU
	EndGlobalSection
	GlobalSection(ProjectConfigurationPlatforms) = postSolution
		{8AACE810-C20B-4F65-9A5E-9A2162C661CB}.Debug|Any CPU.ActiveCfg = Debug|Any CPU
		{8AACE810-C20B-4F65-9A5E-9A2162C661CB}.Debug|Any CPU.Build.0 = Debug|Any CPU
		{8AACE810-C20B-4F65-9A5E-9A2162C661CB}.Release|Any CPU.ActiveCfg = Release|Any CPU
		{8AACE810-C20B-4F65-9A5E-9A2162C661CB}.Release|Any CPU.Build.0 = Release|Any CPU
	EndGlobalSection
	GlobalSection(SolutionProperties) = preSolution
		HideSolutionNode = FALSE
	EndGlobalSection
	GlobalSection(ExtensibilityGlobals) = postSolution
		SolutionGuid = {85068A3D-5AC2-4AB9-98EF-1EBF3A17BD35}
	EndGlobalSection
EndGlobal
